
Microsoft Visual Studio Solution File, Format Version 12.00
# Visual Studio 2015
Project("{FAE04EC0-301F-11D3-BF4B-00C04F79EFBC}") = "GPP-Unity-Project-develop", "GPP-Unity-Project-develop.csproj", "{060065E4-597F-0E2F-ADA8-93421912DDD2}"
EndProject
Global
	GlobalSection(SolutionConfigurationPlatforms) = preSolution
		Debug|Any CPU = Debug|Any CPU
		Release|Any CPU = Release|Any CPU
	EndGlobalSection
	GlobalSection(ProjectConfigurationPlatforms) = postSolution
		{060065E4-597F-0E2F-ADA8-93421912DDD2}.Debug|Any CPU.ActiveCfg = Debug|Any CPU
		{060065E4-597F-0E2F-ADA8-93421912DDD2}.Debug|Any CPU.Build.0 = Debug|Any CPU
		{060065E4-597F-0E2F-ADA8-93421912DDD2}.Release|Any CPU.ActiveCfg = Release|Any CPU
		{060065E4-597F-0E2F-ADA8-93421912DDD2}.Release|Any CPU.Build.0 = Release|Any CPU
	EndGlobalSection
	GlobalSection(SolutionProperties) = preSolution
		HideSolutionNode = FALSE
	EndGlobalSection
EndGlobal
