
Microsoft Visual Studio Solution File, Format Version 12.00
# Visual Studio 2015
Project("{FAE04EC0-301F-11D3-BF4B-00C04F79EFBC}") = "GPP-Unity-Project", "GPP-Unity-Project.csproj", "{313F8C0A-60E1-B259-2B17-20E6AE3C9CD0}"
EndProject
Global
	GlobalSection(SolutionConfigurationPlatforms) = preSolution
		Debug|Any CPU = Debug|Any CPU
		Release|Any CPU = Release|Any CPU
	EndGlobalSection
	GlobalSection(ProjectConfigurationPlatforms) = postSolution
		{313F8C0A-60E1-B259-2B17-20E6AE3C9CD0}.Debug|Any CPU.ActiveCfg = Debug|Any CPU
		{313F8C0A-60E1-B259-2B17-20E6AE3C9CD0}.Debug|Any CPU.Build.0 = Debug|Any CPU
		{313F8C0A-60E1-B259-2B17-20E6AE3C9CD0}.Release|Any CPU.ActiveCfg = Release|Any CPU
		{313F8C0A-60E1-B259-2B17-20E6AE3C9CD0}.Release|Any CPU.Build.0 = Release|Any CPU
	EndGlobalSection
	GlobalSection(SolutionProperties) = preSolution
		HideSolutionNode = FALSE
	EndGlobalSection
EndGlobal
