
Microsoft Visual Studio Solution File, Format Version 12.00
# Visual Studio 2015
Project("{FAE04EC0-301F-11D3-BF4B-00C04F79EFBC}") = "Switches and Doors", "Switches and Doors.csproj", "{1495A1FE-D3CA-F9C6-BF42-C51BAA898003}"
EndProject
Global
	GlobalSection(SolutionConfigurationPlatforms) = preSolution
		Debug|Any CPU = Debug|Any CPU
		Release|Any CPU = Release|Any CPU
	EndGlobalSection
	GlobalSection(ProjectConfigurationPlatforms) = postSolution
		{1495A1FE-D3CA-F9C6-BF42-C51BAA898003}.Debug|Any CPU.ActiveCfg = Debug|Any CPU
		{1495A1FE-D3CA-F9C6-BF42-C51BAA898003}.Debug|Any CPU.Build.0 = Debug|Any CPU
		{1495A1FE-D3CA-F9C6-BF42-C51BAA898003}.Release|Any CPU.ActiveCfg = Release|Any CPU
		{1495A1FE-D3CA-F9C6-BF42-C51BAA898003}.Release|Any CPU.Build.0 = Release|Any CPU
	EndGlobalSection
	GlobalSection(SolutionProperties) = preSolution
		HideSolutionNode = FALSE
	EndGlobalSection
EndGlobal
